
Microsoft Visual Studio Solution File, Format Version 12.00
# Visual Studio Version 17
VisualStudioVersion = 17.13.35825.156 d17.13
MinimumVisualStudioVersion = 10.0.40219.1
Project("{FAE04EC0-301F-11D3-BF4B-00C04F79EFBC}") = "Web_API", "Web_API\Web_API.csproj", "{D1E6BD4B-411C-48D8-A026-519358914275}"
EndProject
Global
	GlobalSection(SolutionConfigurationPlatforms) = preSolution
		Debug|Any CPU = Debug|Any CPU
		Release|Any CPU = Release|Any CPU
	EndGlobalSection
	GlobalSection(ProjectConfigurationPlatforms) = postSolution
		{D1E6BD4B-411C-48D8-A026-519358914275}.Debug|Any CPU.ActiveCfg = Debug|Any CPU
		{D1E6BD4B-411C-48D8-A026-519358914275}.Debug|Any CPU.Build.0 = Debug|Any CPU
		{D1E6BD4B-411C-48D8-A026-519358914275}.Release|Any CPU.ActiveCfg = Release|Any CPU
		{D1E6BD4B-411C-48D8-A026-519358914275}.Release|Any CPU.Build.0 = Release|Any CPU
	EndGlobalSection
	GlobalSection(SolutionProperties) = preSolution
		HideSolutionNode = FALSE
	EndGlobalSection
	GlobalSection(ExtensibilityGlobals) = postSolution
		SolutionGuid = {4F6FDADB-5A59-4157-A318-23BCA3F1BED3}
	EndGlobalSection
EndGlobal
